PODS:
  - RxCocoa (3.3.1):
    - RxSwift (~> 3.3)
  - RxSwift (3.3.1)
  - SnapKit (3.2.0)

DEPENDENCIES:
  - RxCocoa (~> 3.0)
  - RxSwift (~> 3.0)
  - SnapKit (~> 3.2.0)

SPEC CHECKSUMS:
  RxCocoa: 7dcb7a1860fc9cd0e23dae67ab105fc2916670b6
  RxSwift: 8fc9f2de6275a9101d518444e00bf32f1a42caac
  SnapKit: 1ca44df72cfa543218d177cb8aab029d10d86ea7

PODFILE CHECKSUM: fae0b788a4f1cf3582e04f2fb7c47eb2cf8fc3c3

COCOAPODS: 1.2.0
